
Microsoft Visual Studio Solution File, Format Version 12.00
# Visual Studio Version 17
VisualStudioVersion = 17.11.35312.102
MinimumVisualStudioVersion = 10.0.40219.1
Project("{FAE04EC0-301F-11D3-BF4B-00C04F79EFBC}") = "SomiodApi", "SomiodApi\SomiodApi.csproj", "{B4CD1CFC-1439-4303-9470-17681583DA58}"
EndProject
Global
	GlobalSection(SolutionConfigurationPlatforms) = preSolution
		Debug|Any CPU = Debug|Any CPU
		Release|Any CPU = Release|Any CPU
	EndGlobalSection
	GlobalSection(ProjectConfigurationPlatforms) = postSolution
		{B4CD1CFC-1439-4303-9470-17681583DA58}.Debug|Any CPU.ActiveCfg = Debug|Any CPU
		{B4CD1CFC-1439-4303-9470-17681583DA58}.Debug|Any CPU.Build.0 = Debug|Any CPU
		{B4CD1CFC-1439-4303-9470-17681583DA58}.Release|Any CPU.ActiveCfg = Release|Any CPU
		{B4CD1CFC-1439-4303-9470-17681583DA58}.Release|Any CPU.Build.0 = Release|Any CPU
	EndGlobalSection
	GlobalSection(SolutionProperties) = preSolution
		HideSolutionNode = FALSE
	EndGlobalSection
	GlobalSection(ExtensibilityGlobals) = postSolution
		SolutionGuid = {ACDE7CC8-E5F0-4297-8CD9-38171F0C9418}
	EndGlobalSection
EndGlobal
